
Microsoft Visual Studio Solution File, Format Version 12.00
# Visual Studio 14
VisualStudioVersion = 14.0.25123.0
MinimumVisualStudioVersion = 10.0.40219.1
Project("{FAE04EC0-301F-11D3-BF4B-00C04F79EFBC}") = "TDDTestString", "TDDTestString\TDDTestString.csproj", "{7969CDCD-71AB-4DAB-860B-7322C4BE16E8}"
EndProject
Global
	GlobalSection(SolutionConfigurationPlatforms) = preSolution
		Debug|Any CPU = Debug|Any CPU
		Release|Any CPU = Release|Any CPU
	EndGlobalSection
	GlobalSection(ProjectConfigurationPlatforms) = postSolution
		{7969CDCD-71AB-4DAB-860B-7322C4BE16E8}.Debug|Any CPU.ActiveCfg = Debug|Any CPU
		{7969CDCD-71AB-4DAB-860B-7322C4BE16E8}.Debug|Any CPU.Build.0 = Debug|Any CPU
		{7969CDCD-71AB-4DAB-860B-7322C4BE16E8}.Release|Any CPU.ActiveCfg = Release|Any CPU
		{7969CDCD-71AB-4DAB-860B-7322C4BE16E8}.Release|Any CPU.Build.0 = Release|Any CPU
	EndGlobalSection
	GlobalSection(SolutionProperties) = preSolution
		HideSolutionNode = FALSE
	EndGlobalSection
	GlobalSection(CodealikeProperties) = postSolution
		SolutionGuid = 984a424a-642a-4b9a-971e-0b6b24dee93d
	EndGlobalSection
EndGlobal
